
Microsoft Visual Studio Solution File, Format Version 12.00
# Visual Studio Version 17
VisualStudioVersion = 17.11.35222.181
MinimumVisualStudioVersion = 10.0.40219.1
Project("{9A19103F-16F7-4668-BE54-9A1E7A4F7556}") = "TeamHub.API", "TeamHub.API\TeamHub.API.csproj", "{4E16F3F7-A1BC-4680-8E14-BF94DC938834}"
EndProject
Project("{9A19103F-16F7-4668-BE54-9A1E7A4F7556}") = "TeamHub.Domain", "TeamHub.Domain\TeamHub.Domain.csproj", "{8EF646AB-7606-46FB-81AA-472709A1DD3D}"
EndProject
Project("{9A19103F-16F7-4668-BE54-9A1E7A4F7556}") = "TeamHub.Infrastructure.Data", "TeamHub.Infrastructure\TeamHub.Infrastructure.Data.csproj", "{6ED0AE69-47E3-4DFC-96EE-0FBD79B410D5}"
EndProject
Project("{9A19103F-16F7-4668-BE54-9A1E7A4F7556}") = "TeamHub.Application", "TeamHub.Application\TeamHub.Application.csproj", "{BB369CE8-1132-46F5-BB84-383712972E5B}"
EndProject
Project("{2150E333-8FDC-42A3-9474-1A3956D46DE8}") = "TeamHub.API", "TeamHub.API", "{55C1F90F-FC5E-4821-933E-E898C558AC6B}"
EndProject
Project("{2150E333-8FDC-42A3-9474-1A3956D46DE8}") = "TeamHub.Application", "TeamHub.Application", "{3A4E81BB-5604-421E-AEC7-97DB8A1B0D96}"
EndProject
Project("{2150E333-8FDC-42A3-9474-1A3956D46DE8}") = "TeamHub.Domain", "TeamHub.Domain", "{C881BDA4-54CE-4DD5-B526-67C68CF638F9}"
EndProject
Project("{2150E333-8FDC-42A3-9474-1A3956D46DE8}") = "TeamHub.Infrastructure", "TeamHub.Infrastructure", "{5AB9D9DE-E9A9-45EA-9A79-E43B055B2CF6}"
EndProject
Project("{9A19103F-16F7-4668-BE54-9A1E7A4F7556}") = "TeamHub.Common", "TeamHub.Common\TeamHub.Common.csproj", "{9B6DB3C3-DDB8-479C-BFF9-C230B52E460D}"
EndProject
Project("{2150E333-8FDC-42A3-9474-1A3956D46DE8}") = "TeamHub.Common", "TeamHub.Common", "{AC9FB29C-CC95-4032-BDB9-D890997C101A}"
EndProject
Project("{2150E333-8FDC-42A3-9474-1A3956D46DE8}") = "TeamHub.Worker", "TeamHub.Worker", "{D7921B77-AFB3-42AE-9C8D-6CA0F127BF84}"
EndProject
Project("{9A19103F-16F7-4668-BE54-9A1E7A4F7556}") = "TeamHub.Worker", "TeamHub.Worker\TeamHub.Worker.csproj", "{97319AE0-3332-4587-A99E-F285F9DF6E20}"
EndProject
Project("{9A19103F-16F7-4668-BE54-9A1E7A4F7556}") = "TeamHub.Infrastructure.Net", "TeamHub.Infrastructure.Net\TeamHub.Infrastructure.Net.csproj", "{3064BB91-24B7-4E63-A6D4-0B03E0F4C352}"
EndProject
Project("{2150E333-8FDC-42A3-9474-1A3956D46DE8}") = "TeamHub.Contract", "TeamHub.Contract", "{2222DA86-B1C2-476A-A6B0-5812672ABAE2}"
EndProject
Project("{9A19103F-16F7-4668-BE54-9A1E7A4F7556}") = "TeamHub.Contract", "TeamHub.Contract\TeamHub.Contract.csproj", "{319CFCB4-8D51-4162-AFFC-CC8EC53BB766}"
EndProject
Project("{2150E333-8FDC-42A3-9474-1A3956D46DE8}") = "TeamHub.Tests", "TeamHub.Tests", "{ACC2A17B-ACB7-4FA5-8C51-E52F1D55FFFB}"
EndProject
Project("{9A19103F-16F7-4668-BE54-9A1E7A4F7556}") = "TeamHub.Tests", "TeamHub.Tests\TeamHub.Tests.csproj", "{3362CD6D-C710-448D-9D23-917113681311}"
EndProject
Project("{2150E333-8FDC-42A3-9474-1A3956D46DE8}") = "Docker", "Docker", "{37EE4270-8067-489E-9F9C-98D7DBD1918B}"
	ProjectSection(SolutionItems) = preProject
		Dockerfile.api = Dockerfile.api
		Dockerfile.tests = Dockerfile.tests
		Dockerfile.ui = Dockerfile.ui
		Dockerfile.worker = Dockerfile.worker
	EndProjectSection
EndProject
Project("{2150E333-8FDC-42A3-9474-1A3956D46DE8}") = "Solution Items", "Solution Items", "{8AA2648E-4B16-48D6-92EB-237565A7CB7A}"
	ProjectSection(SolutionItems) = preProject
		docker-compose.yaml = docker-compose.yaml
		default.conf = default.conf
	EndProjectSection
EndProject
Project("{54A90642-561A-4BB1-A94E-469ADEE60C69}") = "teamhub.ui", "teamhub.ui\teamhub.ui.esproj", "{BF86424A-1513-4DF2-8B4C-54E5DF0A1559}"
EndProject
Global
	GlobalSection(SolutionConfigurationPlatforms) = preSolution
		Debug|Any CPU = Debug|Any CPU
		Release|Any CPU = Release|Any CPU
	EndGlobalSection
	GlobalSection(ProjectConfigurationPlatforms) = postSolution
		{4E16F3F7-A1BC-4680-8E14-BF94DC938834}.Debug|Any CPU.ActiveCfg = Debug|Any CPU
		{4E16F3F7-A1BC-4680-8E14-BF94DC938834}.Debug|Any CPU.Build.0 = Debug|Any CPU
		{4E16F3F7-A1BC-4680-8E14-BF94DC938834}.Release|Any CPU.ActiveCfg = Release|Any CPU
		{4E16F3F7-A1BC-4680-8E14-BF94DC938834}.Release|Any CPU.Build.0 = Release|Any CPU
		{8EF646AB-7606-46FB-81AA-472709A1DD3D}.Debug|Any CPU.ActiveCfg = Debug|Any CPU
		{8EF646AB-7606-46FB-81AA-472709A1DD3D}.Debug|Any CPU.Build.0 = Debug|Any CPU
		{8EF646AB-7606-46FB-81AA-472709A1DD3D}.Release|Any CPU.ActiveCfg = Release|Any CPU
		{8EF646AB-7606-46FB-81AA-472709A1DD3D}.Release|Any CPU.Build.0 = Release|Any CPU
		{6ED0AE69-47E3-4DFC-96EE-0FBD79B410D5}.Debug|Any CPU.ActiveCfg = Debug|Any CPU
		{6ED0AE69-47E3-4DFC-96EE-0FBD79B410D5}.Debug|Any CPU.Build.0 = Debug|Any CPU
		{6ED0AE69-47E3-4DFC-96EE-0FBD79B410D5}.Release|Any CPU.ActiveCfg = Release|Any CPU
		{6ED0AE69-47E3-4DFC-96EE-0FBD79B410D5}.Release|Any CPU.Build.0 = Release|Any CPU
		{BB369CE8-1132-46F5-BB84-383712972E5B}.Debug|Any CPU.ActiveCfg = Debug|Any CPU
		{BB369CE8-1132-46F5-BB84-383712972E5B}.Debug|Any CPU.Build.0 = Debug|Any CPU
		{BB369CE8-1132-46F5-BB84-383712972E5B}.Release|Any CPU.ActiveCfg = Release|Any CPU
		{BB369CE8-1132-46F5-BB84-383712972E5B}.Release|Any CPU.Build.0 = Release|Any CPU
		{9B6DB3C3-DDB8-479C-BFF9-C230B52E460D}.Debug|Any CPU.ActiveCfg = Debug|Any CPU
		{9B6DB3C3-DDB8-479C-BFF9-C230B52E460D}.Debug|Any CPU.Build.0 = Debug|Any CPU
		{9B6DB3C3-DDB8-479C-BFF9-C230B52E460D}.Release|Any CPU.ActiveCfg = Release|Any CPU
		{9B6DB3C3-DDB8-479C-BFF9-C230B52E460D}.Release|Any CPU.Build.0 = Release|Any CPU
		{97319AE0-3332-4587-A99E-F285F9DF6E20}.Debug|Any CPU.ActiveCfg = Debug|Any CPU
		{97319AE0-3332-4587-A99E-F285F9DF6E20}.Debug|Any CPU.Build.0 = Debug|Any CPU
		{97319AE0-3332-4587-A99E-F285F9DF6E20}.Release|Any CPU.ActiveCfg = Release|Any CPU
		{97319AE0-3332-4587-A99E-F285F9DF6E20}.Release|Any CPU.Build.0 = Release|Any CPU
		{3064BB91-24B7-4E63-A6D4-0B03E0F4C352}.Debug|Any CPU.ActiveCfg = Debug|Any CPU
		{3064BB91-24B7-4E63-A6D4-0B03E0F4C352}.Debug|Any CPU.Build.0 = Debug|Any CPU
		{3064BB91-24B7-4E63-A6D4-0B03E0F4C352}.Release|Any CPU.ActiveCfg = Release|Any CPU
		{3064BB91-24B7-4E63-A6D4-0B03E0F4C352}.Release|Any CPU.Build.0 = Release|Any CPU
		{319CFCB4-8D51-4162-AFFC-CC8EC53BB766}.Debug|Any CPU.ActiveCfg = Debug|Any CPU
		{319CFCB4-8D51-4162-AFFC-CC8EC53BB766}.Debug|Any CPU.Build.0 = Debug|Any CPU
		{319CFCB4-8D51-4162-AFFC-CC8EC53BB766}.Release|Any CPU.ActiveCfg = Release|Any CPU
		{319CFCB4-8D51-4162-AFFC-CC8EC53BB766}.Release|Any CPU.Build.0 = Release|Any CPU
		{3362CD6D-C710-448D-9D23-917113681311}.Debug|Any CPU.ActiveCfg = Debug|Any CPU
		{3362CD6D-C710-448D-9D23-917113681311}.Debug|Any CPU.Build.0 = Debug|Any CPU
		{3362CD6D-C710-448D-9D23-917113681311}.Release|Any CPU.ActiveCfg = Release|Any CPU
		{3362CD6D-C710-448D-9D23-917113681311}.Release|Any CPU.Build.0 = Release|Any CPU
		{BF86424A-1513-4DF2-8B4C-54E5DF0A1559}.Debug|Any CPU.ActiveCfg = Debug|Any CPU
		{BF86424A-1513-4DF2-8B4C-54E5DF0A1559}.Debug|Any CPU.Build.0 = Debug|Any CPU
		{BF86424A-1513-4DF2-8B4C-54E5DF0A1559}.Debug|Any CPU.Deploy.0 = Debug|Any CPU
		{BF86424A-1513-4DF2-8B4C-54E5DF0A1559}.Release|Any CPU.ActiveCfg = Release|Any CPU
		{BF86424A-1513-4DF2-8B4C-54E5DF0A1559}.Release|Any CPU.Build.0 = Release|Any CPU
		{BF86424A-1513-4DF2-8B4C-54E5DF0A1559}.Release|Any CPU.Deploy.0 = Release|Any CPU
	EndGlobalSection
	GlobalSection(SolutionProperties) = preSolution
		HideSolutionNode = FALSE
	EndGlobalSection
	GlobalSection(NestedProjects) = preSolution
		{4E16F3F7-A1BC-4680-8E14-BF94DC938834} = {55C1F90F-FC5E-4821-933E-E898C558AC6B}
		{8EF646AB-7606-46FB-81AA-472709A1DD3D} = {C881BDA4-54CE-4DD5-B526-67C68CF638F9}
		{6ED0AE69-47E3-4DFC-96EE-0FBD79B410D5} = {5AB9D9DE-E9A9-45EA-9A79-E43B055B2CF6}
		{BB369CE8-1132-46F5-BB84-383712972E5B} = {3A4E81BB-5604-421E-AEC7-97DB8A1B0D96}
		{9B6DB3C3-DDB8-479C-BFF9-C230B52E460D} = {AC9FB29C-CC95-4032-BDB9-D890997C101A}
		{97319AE0-3332-4587-A99E-F285F9DF6E20} = {D7921B77-AFB3-42AE-9C8D-6CA0F127BF84}
		{3064BB91-24B7-4E63-A6D4-0B03E0F4C352} = {5AB9D9DE-E9A9-45EA-9A79-E43B055B2CF6}
		{319CFCB4-8D51-4162-AFFC-CC8EC53BB766} = {2222DA86-B1C2-476A-A6B0-5812672ABAE2}
		{3362CD6D-C710-448D-9D23-917113681311} = {ACC2A17B-ACB7-4FA5-8C51-E52F1D55FFFB}
	EndGlobalSection
	GlobalSection(ExtensibilityGlobals) = postSolution
		SolutionGuid = {2E34694B-69E7-4DD8-99EF-D0C1DDD25750}
	EndGlobalSection
EndGlobal
